
Microsoft Visual Studio Solution File, Format Version 12.00
# Visual Studio Version 17
VisualStudioVersion = 17.11.35222.181
MinimumVisualStudioVersion = 10.0.40219.1
Project("{FAE04EC0-301F-11D3-BF4B-00C04F79EFBC}") = "Dierentuin42", "Dierentuin42\Dierentuin42.csproj", "{F83BA9F6-FAE8-412B-9681-4E459885300C}"
EndProject
Global
	GlobalSection(SolutionConfigurationPlatforms) = preSolution
		Debug|Any CPU = Debug|Any CPU
		Release|Any CPU = Release|Any CPU
	EndGlobalSection
	GlobalSection(ProjectConfigurationPlatforms) = postSolution
		{F83BA9F6-FAE8-412B-9681-4E459885300C}.Debug|Any CPU.ActiveCfg = Debug|Any CPU
		{F83BA9F6-FAE8-412B-9681-4E459885300C}.Debug|Any CPU.Build.0 = Debug|Any CPU
		{F83BA9F6-FAE8-412B-9681-4E459885300C}.Release|Any CPU.ActiveCfg = Release|Any CPU
		{F83BA9F6-FAE8-412B-9681-4E459885300C}.Release|Any CPU.Build.0 = Release|Any CPU
	EndGlobalSection
	GlobalSection(SolutionProperties) = preSolution
		HideSolutionNode = FALSE
	EndGlobalSection
	GlobalSection(ExtensibilityGlobals) = postSolution
		SolutionGuid = {CCC2E204-CD79-4213-A504-4871A8E96848}
	EndGlobalSection
EndGlobal
